{
  "name": "lab-backend",
  "version": "1.0.0",
  "lockfileVersion": 3,
  "requires": true,
  "packages": {
    "": {
      "name": "lab-backend",
      "version": "1.0.0",
      "description": "API Hello World instrumentada para el laboratorio de observabilidad",
      "main": "server.js",
      "scripts": {
        "start": "node server.js"
      },
      "dependencies": {
        "express": "^4.19.2",
        "prom-client": "^15.1.3"
      }
    },
    "node_modules/express": {
      "version": "4.19.2",
      "resolved": "https://registry.npmjs.org/express/-/express-4.19.2.tgz",
      "integrity": "sha512-5T6nhjsQXO3kB9UqdhSWqvbM+pdnj+alaRMOOmwhx9cUBNw5SncopQI159cHWaIbRe87KZRcWdskrItm5mR20w=="
    },
    "node_modules/prom-client": {
      "version": "15.1.3",
      "resolved": "https://registry.npmjs.org/prom-client/-/prom-client-15.1.3.tgz",
      "integrity": "sha512-v83CjVLw8vZvjDd/t6i1CyKzv3EZ6Rv0aN6YMvKRF5+5Z1LD2+nQG6EYy0KPJPbT3XzBSyf8XJSWrX2u6pjFA=="
    }
  }
}
